
Microsoft Visual Studio Solution File, Format Version 12.00
# Visual Studio Version 16
VisualStudioVersion = 16.0.31112.23
MinimumVisualStudioVersion = 10.0.40219.1
Project("{FAE04EC0-301F-11D3-BF4B-00C04F79EFBC}") = "haber-sitesi.Web", "haber-sitesi\haber-sitesi.Web.csproj", "{CB2101BC-EF87-4328-8CD4-3BF6222BE88E}"
EndProject
Project("{FAE04EC0-301F-11D3-BF4B-00C04F79EFBC}") = "haber-sitesi.Business", "haber-sitesi.Business\haber-sitesi.Business.csproj", "{6E2A0B2A-6ED2-4029-9496-A9C19335087F}"
EndProject
Project("{FAE04EC0-301F-11D3-BF4B-00C04F79EFBC}") = "haber-sitesi.DataAccess", "haber-sitesi.DataAccess\haber-sitesi.DataAccess.csproj", "{4A1DED1D-6F40-4AFC-97F8-3C5246BF6771}"
EndProject
Project("{FAE04EC0-301F-11D3-BF4B-00C04F79EFBC}") = "haber-sitesi.WebService", "haber-sitesi.WebService\haber-sitesi.WebService.csproj", "{3D418FBC-EFFD-4BE4-BA25-5ABFF15357DC}"
EndProject
Global
	GlobalSection(SolutionConfigurationPlatforms) = preSolution
		Debug|Any CPU = Debug|Any CPU
		Release|Any CPU = Release|Any CPU
	EndGlobalSection
	GlobalSection(ProjectConfigurationPlatforms) = postSolution
		{CB2101BC-EF87-4328-8CD4-3BF6222BE88E}.Debug|Any CPU.ActiveCfg = Debug|Any CPU
		{CB2101BC-EF87-4328-8CD4-3BF6222BE88E}.Debug|Any CPU.Build.0 = Debug|Any CPU
		{CB2101BC-EF87-4328-8CD4-3BF6222BE88E}.Release|Any CPU.ActiveCfg = Release|Any CPU
		{CB2101BC-EF87-4328-8CD4-3BF6222BE88E}.Release|Any CPU.Build.0 = Release|Any CPU
		{6E2A0B2A-6ED2-4029-9496-A9C19335087F}.Debug|Any CPU.ActiveCfg = Debug|Any CPU
		{6E2A0B2A-6ED2-4029-9496-A9C19335087F}.Debug|Any CPU.Build.0 = Debug|Any CPU
		{6E2A0B2A-6ED2-4029-9496-A9C19335087F}.Release|Any CPU.ActiveCfg = Release|Any CPU
		{6E2A0B2A-6ED2-4029-9496-A9C19335087F}.Release|Any CPU.Build.0 = Release|Any CPU
		{4A1DED1D-6F40-4AFC-97F8-3C5246BF6771}.Debug|Any CPU.ActiveCfg = Debug|Any CPU
		{4A1DED1D-6F40-4AFC-97F8-3C5246BF6771}.Debug|Any CPU.Build.0 = Debug|Any CPU
		{4A1DED1D-6F40-4AFC-97F8-3C5246BF6771}.Release|Any CPU.ActiveCfg = Release|Any CPU
		{4A1DED1D-6F40-4AFC-97F8-3C5246BF6771}.Release|Any CPU.Build.0 = Release|Any CPU
		{3D418FBC-EFFD-4BE4-BA25-5ABFF15357DC}.Debug|Any CPU.ActiveCfg = Debug|Any CPU
		{3D418FBC-EFFD-4BE4-BA25-5ABFF15357DC}.Debug|Any CPU.Build.0 = Debug|Any CPU
		{3D418FBC-EFFD-4BE4-BA25-5ABFF15357DC}.Release|Any CPU.ActiveCfg = Release|Any CPU
		{3D418FBC-EFFD-4BE4-BA25-5ABFF15357DC}.Release|Any CPU.Build.0 = Release|Any CPU
	EndGlobalSection
	GlobalSection(SolutionProperties) = preSolution
		HideSolutionNode = FALSE
	EndGlobalSection
	GlobalSection(ExtensibilityGlobals) = postSolution
		SolutionGuid = {D3014A94-DAEB-45BF-B135-E7C0447F78A2}
	EndGlobalSection
EndGlobal
